# This file is automatically @generated by Cargo.
# It is not intended for manual editing.
version = 4

[[package]]
name = "k-launcher-kernel"
version = "0.1.0"

[[package]]
name = "k-launcher-os-bridge"
version = "0.1.0"

[[package]]
name = "k-launcher-ui"
version = "0.1.0"

[[package]]
name = "plugin-apps"
version = "0.1.0"

[[package]]
name = "plugin-calc"
version = "0.1.0"

[[package]]
name = "plugin-files"
version = "0.1.0"
